
Microsoft Visual Studio Solution File, Format Version 12.00
# Visual Studio 15
VisualStudioVersion = 15.0.26403.0
MinimumVisualStudioVersion = 10.0.40219.1
Project("{FAE04EC0-301F-11D3-BF4B-00C04F79EFBC}") = "FinalProject", "FinalProject\FinalProject.csproj", "{8CEF3F66-9211-4D5C-9D2B-0F623AD73028}"
EndProject
Project("{FAE04EC0-301F-11D3-BF4B-00C04F79EFBC}") = "Utilities", "Utilities\Utilities.csproj", "{670283AE-3578-4CCF-AE22-333D7D3AE106}"
EndProject
Project("{FAE04EC0-301F-11D3-BF4B-00C04F79EFBC}") = "WebServiceClient", "WebServiceClient\WebServiceClient.csproj", "{728A5223-2E22-4042-BF78-A3E0DEBBA093}"
EndProject
Project("{FAE04EC0-301F-11D3-BF4B-00C04F79EFBC}") = "FinalProjectLib", "FinalProjectLib\FinalProjectLib.csproj", "{F98BB2F2-96BD-485B-ACE7-50499D53CFF2}"
EndProject
Project("{FAE04EC0-301F-11D3-BF4B-00C04F79EFBC}") = "WebServicesFile", "WebServicesFile\WebServicesFile.csproj", "{C292ABDF-63F1-4366-8625-8A68FEAC7F5C}"
EndProject
Global
	GlobalSection(SolutionConfigurationPlatforms) = preSolution
		Debug|Any CPU = Debug|Any CPU
		Release|Any CPU = Release|Any CPU
	EndGlobalSection
	GlobalSection(ProjectConfigurationPlatforms) = postSolution
		{8CEF3F66-9211-4D5C-9D2B-0F623AD73028}.Debug|Any CPU.ActiveCfg = Debug|Any CPU
		{8CEF3F66-9211-4D5C-9D2B-0F623AD73028}.Debug|Any CPU.Build.0 = Debug|Any CPU
		{8CEF3F66-9211-4D5C-9D2B-0F623AD73028}.Release|Any CPU.ActiveCfg = Release|Any CPU
		{8CEF3F66-9211-4D5C-9D2B-0F623AD73028}.Release|Any CPU.Build.0 = Release|Any CPU
		{670283AE-3578-4CCF-AE22-333D7D3AE106}.Debug|Any CPU.ActiveCfg = Debug|Any CPU
		{670283AE-3578-4CCF-AE22-333D7D3AE106}.Debug|Any CPU.Build.0 = Debug|Any CPU
		{670283AE-3578-4CCF-AE22-333D7D3AE106}.Release|Any CPU.ActiveCfg = Release|Any CPU
		{670283AE-3578-4CCF-AE22-333D7D3AE106}.Release|Any CPU.Build.0 = Release|Any CPU
		{728A5223-2E22-4042-BF78-A3E0DEBBA093}.Debug|Any CPU.ActiveCfg = Debug|Any CPU
		{728A5223-2E22-4042-BF78-A3E0DEBBA093}.Debug|Any CPU.Build.0 = Debug|Any CPU
		{728A5223-2E22-4042-BF78-A3E0DEBBA093}.Release|Any CPU.ActiveCfg = Release|Any CPU
		{728A5223-2E22-4042-BF78-A3E0DEBBA093}.Release|Any CPU.Build.0 = Release|Any CPU
		{F98BB2F2-96BD-485B-ACE7-50499D53CFF2}.Debug|Any CPU.ActiveCfg = Debug|Any CPU
		{F98BB2F2-96BD-485B-ACE7-50499D53CFF2}.Debug|Any CPU.Build.0 = Debug|Any CPU
		{F98BB2F2-96BD-485B-ACE7-50499D53CFF2}.Release|Any CPU.ActiveCfg = Release|Any CPU
		{F98BB2F2-96BD-485B-ACE7-50499D53CFF2}.Release|Any CPU.Build.0 = Release|Any CPU
		{C292ABDF-63F1-4366-8625-8A68FEAC7F5C}.Debug|Any CPU.ActiveCfg = Debug|Any CPU
		{C292ABDF-63F1-4366-8625-8A68FEAC7F5C}.Debug|Any CPU.Build.0 = Debug|Any CPU
		{C292ABDF-63F1-4366-8625-8A68FEAC7F5C}.Release|Any CPU.ActiveCfg = Release|Any CPU
		{C292ABDF-63F1-4366-8625-8A68FEAC7F5C}.Release|Any CPU.Build.0 = Release|Any CPU
	EndGlobalSection
	GlobalSection(SolutionProperties) = preSolution
		HideSolutionNode = FALSE
	EndGlobalSection
EndGlobal
